
Microsoft Visual Studio Solution File, Format Version 12.00
# Visual Studio Version 17
VisualStudioVersion = 17.0.31903.59
MinimumVisualStudioVersion = 10.0.40219.1
Project("{FAE04EC0-301F-11D3-BF4B-00C04F79EFBC}") = "Lab5-APT", "Lab5-APT\Lab5-APT.csproj", "{4066DAD6-AC6B-4FDD-8D36-7C94737436DA}"
EndProject
Project("{FAE04EC0-301F-11D3-BF4B-00C04F79EFBC}") = "TestProject1", "TestProject1\TestProject1.csproj", "{276CEF6D-C06C-4628-BE94-DA8FB5500ADD}"
EndProject
Global
	GlobalSection(SolutionConfigurationPlatforms) = preSolution
		Debug|Any CPU = Debug|Any CPU
		Debug|x64 = Debug|x64
		Debug|x86 = Debug|x86
		Release|Any CPU = Release|Any CPU
		Release|x64 = Release|x64
		Release|x86 = Release|x86
	EndGlobalSection
	GlobalSection(ProjectConfigurationPlatforms) = postSolution
		{4066DAD6-AC6B-4FDD-8D36-7C94737436DA}.Debug|Any CPU.ActiveCfg = Debug|Any CPU
		{4066DAD6-AC6B-4FDD-8D36-7C94737436DA}.Debug|Any CPU.Build.0 = Debug|Any CPU
		{4066DAD6-AC6B-4FDD-8D36-7C94737436DA}.Debug|x64.ActiveCfg = Debug|Any CPU
		{4066DAD6-AC6B-4FDD-8D36-7C94737436DA}.Debug|x64.Build.0 = Debug|Any CPU
		{4066DAD6-AC6B-4FDD-8D36-7C94737436DA}.Debug|x86.ActiveCfg = Debug|Any CPU
		{4066DAD6-AC6B-4FDD-8D36-7C94737436DA}.Debug|x86.Build.0 = Debug|Any CPU
		{4066DAD6-AC6B-4FDD-8D36-7C94737436DA}.Release|Any CPU.ActiveCfg = Release|Any CPU
		{4066DAD6-AC6B-4FDD-8D36-7C94737436DA}.Release|Any CPU.Build.0 = Release|Any CPU
		{4066DAD6-AC6B-4FDD-8D36-7C94737436DA}.Release|x64.ActiveCfg = Release|Any CPU
		{4066DAD6-AC6B-4FDD-8D36-7C94737436DA}.Release|x64.Build.0 = Release|Any CPU
		{4066DAD6-AC6B-4FDD-8D36-7C94737436DA}.Release|x86.ActiveCfg = Release|Any CPU
		{4066DAD6-AC6B-4FDD-8D36-7C94737436DA}.Release|x86.Build.0 = Release|Any CPU
		{276CEF6D-C06C-4628-BE94-DA8FB5500ADD}.Debug|Any CPU.ActiveCfg = Debug|Any CPU
		{276CEF6D-C06C-4628-BE94-DA8FB5500ADD}.Debug|Any CPU.Build.0 = Debug|Any CPU
		{276CEF6D-C06C-4628-BE94-DA8FB5500ADD}.Debug|x64.ActiveCfg = Debug|Any CPU
		{276CEF6D-C06C-4628-BE94-DA8FB5500ADD}.Debug|x64.Build.0 = Debug|Any CPU
		{276CEF6D-C06C-4628-BE94-DA8FB5500ADD}.Debug|x86.ActiveCfg = Debug|Any CPU
		{276CEF6D-C06C-4628-BE94-DA8FB5500ADD}.Debug|x86.Build.0 = Debug|Any CPU
		{276CEF6D-C06C-4628-BE94-DA8FB5500ADD}.Release|Any CPU.ActiveCfg = Release|Any CPU
		{276CEF6D-C06C-4628-BE94-DA8FB5500ADD}.Release|Any CPU.Build.0 = Release|Any CPU
		{276CEF6D-C06C-4628-BE94-DA8FB5500ADD}.Release|x64.ActiveCfg = Release|Any CPU
		{276CEF6D-C06C-4628-BE94-DA8FB5500ADD}.Release|x64.Build.0 = Release|Any CPU
		{276CEF6D-C06C-4628-BE94-DA8FB5500ADD}.Release|x86.ActiveCfg = Release|Any CPU
		{276CEF6D-C06C-4628-BE94-DA8FB5500ADD}.Release|x86.Build.0 = Release|Any CPU
	EndGlobalSection
	GlobalSection(SolutionProperties) = preSolution
		HideSolutionNode = FALSE
	EndGlobalSection
EndGlobal
